
Microsoft Visual Studio Solution File, Format Version 12.00
# Visual Studio Version 17
VisualStudioVersion = 17.5.33516.290
MinimumVisualStudioVersion = 10.0.40219.1
Project("{FAE04EC0-301F-11D3-BF4B-00C04F79EFBC}") = "MFIGamepadFeeder", "MFIGamepadFeeder\MFIGamepadFeeder.csproj", "{C404217C-9FA4-461C-8AEB-3BDEBD0A4B00}"
EndProject
Project("{FAE04EC0-301F-11D3-BF4B-00C04F79EFBC}") = "MFIGamepadShared", "MFIGamepadShared\MFIGamepadShared.csproj", "{35C01170-5735-4AAC-BB97-AA52A735B5A5}"
EndProject
Project("{FAE04EC0-301F-11D3-BF4B-00C04F79EFBC}") = "MFIGamepadConfigCreator", "MFIGamepadConfigCreator\MFIGamepadConfigCreator.csproj", "{2F83AD60-C696-42DC-9EDD-6F57D735DF2B}"
EndProject
Project("{FAE04EC0-301F-11D3-BF4B-00C04F79EFBC}") = "vGenWrapper", "vGenWrapper\vGenWrapper.csproj", "{2E0670A9-6FE6-47B0-AD7A-E6C245522D8B}"
EndProject
Global
	GlobalSection(SolutionConfigurationPlatforms) = preSolution
		Debug (Remote)|ARM64 = Debug (Remote)|ARM64
		Debug (Remote)|x64 = Debug (Remote)|x64
		Debug (Remote)|x86 = Debug (Remote)|x86
		Debug|ARM64 = Debug|ARM64
		Debug|x64 = Debug|x64
		Debug|x86 = Debug|x86
		Release (Remote)|ARM64 = Release (Remote)|ARM64
		Release (Remote)|x64 = Release (Remote)|x64
		Release (Remote)|x86 = Release (Remote)|x86
		Release|ARM64 = Release|ARM64
		Release|x64 = Release|x64
		Release|x86 = Release|x86
	EndGlobalSection
	GlobalSection(ProjectConfigurationPlatforms) = postSolution
		{C404217C-9FA4-461C-8AEB-3BDEBD0A4B00}.Debug (Remote)|ARM64.ActiveCfg = Release (Debug)|ARM64
		{C404217C-9FA4-461C-8AEB-3BDEBD0A4B00}.Debug (Remote)|ARM64.Build.0 = Release (Debug)|ARM64
		{C404217C-9FA4-461C-8AEB-3BDEBD0A4B00}.Debug (Remote)|x64.ActiveCfg = Debug (Remote)|x64
		{C404217C-9FA4-461C-8AEB-3BDEBD0A4B00}.Debug (Remote)|x64.Build.0 = Debug (Remote)|x64
		{C404217C-9FA4-461C-8AEB-3BDEBD0A4B00}.Debug (Remote)|x86.ActiveCfg = Debug (Remote)|x86
		{C404217C-9FA4-461C-8AEB-3BDEBD0A4B00}.Debug (Remote)|x86.Build.0 = Debug (Remote)|x86
		{C404217C-9FA4-461C-8AEB-3BDEBD0A4B00}.Debug|ARM64.ActiveCfg = Debug (Local)|ARM64
		{C404217C-9FA4-461C-8AEB-3BDEBD0A4B00}.Debug|ARM64.Build.0 = Debug (Local)|ARM64
		{C404217C-9FA4-461C-8AEB-3BDEBD0A4B00}.Debug|x64.ActiveCfg = Debug (Local)|x64
		{C404217C-9FA4-461C-8AEB-3BDEBD0A4B00}.Debug|x64.Build.0 = Debug (Local)|x64
		{C404217C-9FA4-461C-8AEB-3BDEBD0A4B00}.Debug|x86.ActiveCfg = Debug (Local)|x86
		{C404217C-9FA4-461C-8AEB-3BDEBD0A4B00}.Debug|x86.Build.0 = Debug (Local)|x86
		{C404217C-9FA4-461C-8AEB-3BDEBD0A4B00}.Release (Remote)|ARM64.ActiveCfg = Release (Remote)|ARM64
		{C404217C-9FA4-461C-8AEB-3BDEBD0A4B00}.Release (Remote)|ARM64.Build.0 = Release (Remote)|ARM64
		{C404217C-9FA4-461C-8AEB-3BDEBD0A4B00}.Release (Remote)|x64.ActiveCfg = Release (Remote)|x64
		{C404217C-9FA4-461C-8AEB-3BDEBD0A4B00}.Release (Remote)|x64.Build.0 = Release (Remote)|x64
		{C404217C-9FA4-461C-8AEB-3BDEBD0A4B00}.Release (Remote)|x86.ActiveCfg = Release (Remote)|x86
		{C404217C-9FA4-461C-8AEB-3BDEBD0A4B00}.Release (Remote)|x86.Build.0 = Release (Remote)|x86
		{C404217C-9FA4-461C-8AEB-3BDEBD0A4B00}.Release|ARM64.ActiveCfg = Release|ARM64
		{C404217C-9FA4-461C-8AEB-3BDEBD0A4B00}.Release|ARM64.Build.0 = Release|ARM64
		{C404217C-9FA4-461C-8AEB-3BDEBD0A4B00}.Release|x64.ActiveCfg = Release|x64
		{C404217C-9FA4-461C-8AEB-3BDEBD0A4B00}.Release|x64.Build.0 = Release|x64
		{C404217C-9FA4-461C-8AEB-3BDEBD0A4B00}.Release|x86.ActiveCfg = Release|x86
		{C404217C-9FA4-461C-8AEB-3BDEBD0A4B00}.Release|x86.Build.0 = Release|x86
		{35C01170-5735-4AAC-BB97-AA52A735B5A5}.Debug (Remote)|ARM64.ActiveCfg = Debug (Remote)|ARM64
		{35C01170-5735-4AAC-BB97-AA52A735B5A5}.Debug (Remote)|ARM64.Build.0 = Debug (Remote)|ARM64
		{35C01170-5735-4AAC-BB97-AA52A735B5A5}.Debug (Remote)|x64.ActiveCfg = Debug (Remote)|x64
		{35C01170-5735-4AAC-BB97-AA52A735B5A5}.Debug (Remote)|x64.Build.0 = Debug (Remote)|x64
		{35C01170-5735-4AAC-BB97-AA52A735B5A5}.Debug (Remote)|x86.ActiveCfg = Debug (Remote)|x86
		{35C01170-5735-4AAC-BB97-AA52A735B5A5}.Debug (Remote)|x86.Build.0 = Debug (Remote)|x86
		{35C01170-5735-4AAC-BB97-AA52A735B5A5}.Debug|ARM64.ActiveCfg = Debug|ARM64
		{35C01170-5735-4AAC-BB97-AA52A735B5A5}.Debug|ARM64.Build.0 = Debug|ARM64
		{35C01170-5735-4AAC-BB97-AA52A735B5A5}.Debug|x64.ActiveCfg = Debug (Local)|x64
		{35C01170-5735-4AAC-BB97-AA52A735B5A5}.Debug|x64.Build.0 = Debug (Local)|x64
		{35C01170-5735-4AAC-BB97-AA52A735B5A5}.Debug|x86.ActiveCfg = Debug (Local)|x86
		{35C01170-5735-4AAC-BB97-AA52A735B5A5}.Debug|x86.Build.0 = Debug (Local)|x86
		{35C01170-5735-4AAC-BB97-AA52A735B5A5}.Release (Remote)|ARM64.ActiveCfg = Release (Remote)|ARM64
		{35C01170-5735-4AAC-BB97-AA52A735B5A5}.Release (Remote)|ARM64.Build.0 = Release (Remote)|ARM64
		{35C01170-5735-4AAC-BB97-AA52A735B5A5}.Release (Remote)|x64.ActiveCfg = Release (Remote)|x64
		{35C01170-5735-4AAC-BB97-AA52A735B5A5}.Release (Remote)|x64.Build.0 = Release (Remote)|x64
		{35C01170-5735-4AAC-BB97-AA52A735B5A5}.Release (Remote)|x86.ActiveCfg = Release (Remote)|x86
		{35C01170-5735-4AAC-BB97-AA52A735B5A5}.Release (Remote)|x86.Build.0 = Release (Remote)|x86
		{35C01170-5735-4AAC-BB97-AA52A735B5A5}.Release|ARM64.ActiveCfg = Release|ARM64
		{35C01170-5735-4AAC-BB97-AA52A735B5A5}.Release|ARM64.Build.0 = Release|ARM64
		{35C01170-5735-4AAC-BB97-AA52A735B5A5}.Release|x64.ActiveCfg = Release|x64
		{35C01170-5735-4AAC-BB97-AA52A735B5A5}.Release|x64.Build.0 = Release|x64
		{35C01170-5735-4AAC-BB97-AA52A735B5A5}.Release|x86.ActiveCfg = Release|x86
		{35C01170-5735-4AAC-BB97-AA52A735B5A5}.Release|x86.Build.0 = Release|x86
		{2F83AD60-C696-42DC-9EDD-6F57D735DF2B}.Debug (Remote)|ARM64.ActiveCfg = Debug (Remote)|ARM64
		{2F83AD60-C696-42DC-9EDD-6F57D735DF2B}.Debug (Remote)|ARM64.Build.0 = Debug (Remote)|ARM64
		{2F83AD60-C696-42DC-9EDD-6F57D735DF2B}.Debug (Remote)|x64.ActiveCfg = Debug (Remote)|x64
		{2F83AD60-C696-42DC-9EDD-6F57D735DF2B}.Debug (Remote)|x64.Build.0 = Debug (Remote)|x64
		{2F83AD60-C696-42DC-9EDD-6F57D735DF2B}.Debug (Remote)|x86.ActiveCfg = Debug (Remote)|x64
		{2F83AD60-C696-42DC-9EDD-6F57D735DF2B}.Debug (Remote)|x86.Build.0 = Debug (Remote)|x64
		{2F83AD60-C696-42DC-9EDD-6F57D735DF2B}.Debug|ARM64.ActiveCfg = Debug (Local)|ARM64
		{2F83AD60-C696-42DC-9EDD-6F57D735DF2B}.Debug|ARM64.Build.0 = Debug (Local)|ARM64
		{2F83AD60-C696-42DC-9EDD-6F57D735DF2B}.Debug|x64.ActiveCfg = Debug (Local)|x64
		{2F83AD60-C696-42DC-9EDD-6F57D735DF2B}.Debug|x64.Build.0 = Debug (Local)|x64
		{2F83AD60-C696-42DC-9EDD-6F57D735DF2B}.Debug|x86.ActiveCfg = Debug (Local)|x86
		{2F83AD60-C696-42DC-9EDD-6F57D735DF2B}.Debug|x86.Build.0 = Debug (Local)|x86
		{2F83AD60-C696-42DC-9EDD-6F57D735DF2B}.Release (Remote)|ARM64.ActiveCfg = Release (Remote)|ARM64
		{2F83AD60-C696-42DC-9EDD-6F57D735DF2B}.Release (Remote)|ARM64.Build.0 = Release (Remote)|ARM64
		{2F83AD60-C696-42DC-9EDD-6F57D735DF2B}.Release (Remote)|x64.ActiveCfg = Release (Remote)|x64
		{2F83AD60-C696-42DC-9EDD-6F57D735DF2B}.Release (Remote)|x64.Build.0 = Release (Remote)|x64
		{2F83AD60-C696-42DC-9EDD-6F57D735DF2B}.Release (Remote)|x86.ActiveCfg = Release (Remote)|x86
		{2F83AD60-C696-42DC-9EDD-6F57D735DF2B}.Release (Remote)|x86.Build.0 = Release (Remote)|x86
		{2F83AD60-C696-42DC-9EDD-6F57D735DF2B}.Release|ARM64.ActiveCfg = Release|ARM64
		{2F83AD60-C696-42DC-9EDD-6F57D735DF2B}.Release|ARM64.Build.0 = Release|ARM64
		{2F83AD60-C696-42DC-9EDD-6F57D735DF2B}.Release|x64.ActiveCfg = Release|x64
		{2F83AD60-C696-42DC-9EDD-6F57D735DF2B}.Release|x64.Build.0 = Release|x64
		{2F83AD60-C696-42DC-9EDD-6F57D735DF2B}.Release|x86.ActiveCfg = Release|x86
		{2F83AD60-C696-42DC-9EDD-6F57D735DF2B}.Release|x86.Build.0 = Release|x86
		{2E0670A9-6FE6-47B0-AD7A-E6C245522D8B}.Debug (Remote)|ARM64.ActiveCfg = Release (Debug)|ARM64
		{2E0670A9-6FE6-47B0-AD7A-E6C245522D8B}.Debug (Remote)|ARM64.Build.0 = Release (Debug)|ARM64
		{2E0670A9-6FE6-47B0-AD7A-E6C245522D8B}.Debug (Remote)|x64.ActiveCfg = Debug (Remote)|x64
		{2E0670A9-6FE6-47B0-AD7A-E6C245522D8B}.Debug (Remote)|x64.Build.0 = Debug (Remote)|x64
		{2E0670A9-6FE6-47B0-AD7A-E6C245522D8B}.Debug (Remote)|x86.ActiveCfg = Debug (Remote)|x86
		{2E0670A9-6FE6-47B0-AD7A-E6C245522D8B}.Debug (Remote)|x86.Build.0 = Debug (Remote)|x86
		{2E0670A9-6FE6-47B0-AD7A-E6C245522D8B}.Debug|ARM64.ActiveCfg = Debug|ARM64
		{2E0670A9-6FE6-47B0-AD7A-E6C245522D8B}.Debug|ARM64.Build.0 = Debug|ARM64
		{2E0670A9-6FE6-47B0-AD7A-E6C245522D8B}.Debug|x64.ActiveCfg = Debug (Local)|x64
		{2E0670A9-6FE6-47B0-AD7A-E6C245522D8B}.Debug|x64.Build.0 = Debug (Local)|x64
		{2E0670A9-6FE6-47B0-AD7A-E6C245522D8B}.Debug|x86.ActiveCfg = Debug (Local)|x86
		{2E0670A9-6FE6-47B0-AD7A-E6C245522D8B}.Debug|x86.Build.0 = Debug (Local)|x86
		{2E0670A9-6FE6-47B0-AD7A-E6C245522D8B}.Release (Remote)|ARM64.ActiveCfg = Release (Remote)|ARM64
		{2E0670A9-6FE6-47B0-AD7A-E6C245522D8B}.Release (Remote)|ARM64.Build.0 = Release (Remote)|ARM64
		{2E0670A9-6FE6-47B0-AD7A-E6C245522D8B}.Release (Remote)|x64.ActiveCfg = Release (Remote)|x64
		{2E0670A9-6FE6-47B0-AD7A-E6C245522D8B}.Release (Remote)|x64.Build.0 = Release (Remote)|x64
		{2E0670A9-6FE6-47B0-AD7A-E6C245522D8B}.Release (Remote)|x86.ActiveCfg = Release (Remote)|x86
		{2E0670A9-6FE6-47B0-AD7A-E6C245522D8B}.Release (Remote)|x86.Build.0 = Release (Remote)|x86
		{2E0670A9-6FE6-47B0-AD7A-E6C245522D8B}.Release|ARM64.ActiveCfg = Release|ARM64
		{2E0670A9-6FE6-47B0-AD7A-E6C245522D8B}.Release|ARM64.Build.0 = Release|ARM64
		{2E0670A9-6FE6-47B0-AD7A-E6C245522D8B}.Release|x64.ActiveCfg = Release|x64
		{2E0670A9-6FE6-47B0-AD7A-E6C245522D8B}.Release|x64.Build.0 = Release|x64
		{2E0670A9-6FE6-47B0-AD7A-E6C245522D8B}.Release|x86.ActiveCfg = Release|x86
		{2E0670A9-6FE6-47B0-AD7A-E6C245522D8B}.Release|x86.Build.0 = Release|x86
	EndGlobalSection
	GlobalSection(SolutionProperties) = preSolution
		HideSolutionNode = FALSE
	EndGlobalSection
	GlobalSection(ExtensibilityGlobals) = postSolution
		SolutionGuid = {3B1575F3-31CC-47CE-A8C7-244CD6C4ACFB}
	EndGlobalSection
EndGlobal
